// !$*UTF8*$!
{
	archiveVersion = 1;
	classes = {
	};
	objectVersion = 46;
	objects = {

/* Begin PBXBuildFile section */
		19C26CEA1A93888A005D7FDF /* FightTableViewCell.swift in Sources */ = {isa = PBXBuildFile; fileRef = 19C26CE91A93888A005D7FDF /* FightTableViewCell.swift */; };
		19E529911A9370D200F5CF22 /* AppDelegate.swift in Sources */ = {isa = PBXBuildFile; fileRef = 19E529901A9370D200F5CF22 /* AppDelegate.swift */; };
		19E529941A9370D200F5CF22 /* ScoreTheFight.xcdatamodeld in Sources */ = {isa = PBXBuildFile; fileRef = 19E529921A9370D200F5CF22 /* ScoreTheFight.xcdatamodeld */; };
		19E529961A9370D200F5CF22 /* FightTableViewController.swift in Sources */ = {isa = PBXBuildFile; fileRef = 19E529951A9370D200F5CF22 /* FightTableViewController.swift */; };
		19E529991A9370D200F5CF22 /* Main.storyboard in Resources */ = {isa = PBXBuildFile; fileRef = 19E529971A9370D200F5CF22 /* Main.storyboard */; };
		19E5299B1A9370D200F5CF22 /* Images.xcassets in Resources */ = {isa = PBXBuildFile; fileRef = 19E5299A1A9370D200F5CF22 /* Images.xcassets */; };
		19E5299E1A9370D200F5CF22 /* LaunchScreen.xib in Resources */ = {isa = PBXBuildFile; fileRef = 19E5299C1A9370D200F5CF22 /* LaunchScreen.xib */; };
		19E529AA1A9370D200F5CF22 /* ScoreTheFightTests.swift in Sources */ = {isa = PBXBuildFile; fileRef = 19E529A91A9370D200F5CF22 /* ScoreTheFightTests.swift */; };
		19E529B41A93711500F5CF22 /* FightModel.swift in Sources */ = {isa = PBXBuildFile; fileRef = 19E529B31A93711500F5CF22 /* FightModel.swift */; };
		19E529B61A93752300F5CF22 /* AddFightViewController.swift in Sources */ = {isa = PBXBuildFile; fileRef = 19E529B51A93752300F5CF22 /* AddFightViewController.swift */; };
		19E529B81A937E3300F5CF22 /* NavigationController.swift in Sources */ = {isa = PBXBuildFile; fileRef = 19E529B71A937E3300F5CF22 /* NavigationController.swift */; };
		19F0BB221A940A6D00B7074E /* FightDetailViewController.swift in Sources */ = {isa = PBXBuildFile; fileRef = 19F0BB211A940A6D00B7074E /* FightDetailViewController.swift */; };
		19F0BB241A94151200B7074E /* EditFightViewController.swift in Sources */ = {isa = PBXBuildFile; fileRef = 19F0BB231A94151200B7074E /* EditFightViewController.swift */; };
/* End PBXBuildFile section */

/* Begin PBXContainerItemProxy section */
		19E529A41A9370D200F5CF22 /* PBXContainerItemProxy */ = {
			isa = PBXContainerItemProxy;
			containerPortal = 19E529831A9370D200F5CF22 /* Project object */;
			proxyType = 1;
			remoteGlobalIDString = 19E5298A1A9370D200F5CF22;
			remoteInfo = ScoreTheFight;
		};
/* End PBXContainerItemProxy section */

/* Begin PBXFileReference section */
		19C26CE91A93888A005D7FDF /* FightTableViewCell.swift */ = {isa = PBXFileReference; fileEncoding = 4; lastKnownFileType = sourcecode.swift; name = FightTableViewCell.swift; path = ../FightTableViewCell.swift; sourceTree = "<group>"; };
		19E5298B1A9370D200F5CF22 /* ScoreTheFight.app */ = {isa = PBXFileReference; explicitFileType = wrapper.application; includeInIndex = 0; path = ScoreTheFight.app; sourceTree = BUILT_PRODUCTS_DIR; };
		19E5298F1A9370D200F5CF22 /* Info.plist */ = {isa = PBXFileReference; lastKnownFileType = text.plist.xml; path = Info.plist; sourceTree = "<group>"; };
		19E529901A9370D200F5CF22 /* AppDelegate.swift */ = {isa = PBXFileReference; lastKnownFileType = sourcecode.swift; path = AppDelegate.swift; sourceTree = "<group>"; };
		19E529931A9370D200F5CF22 /* ScoreTheFight.xcdatamodel */ = {isa = PBXFileReference; lastKnownFileType = wrapper.xcdatamodel; path = ScoreTheFight.xcdatamodel; sourceTree = "<group>"; };
		19E529951A9370D200F5CF22 /* FightTableViewController.swift */ = {isa = PBXFileReference; lastKnownFileType = sourcecode.swift; path = FightTableViewController.swift; sourceTree = "<group>"; };
		19E529981A9370D200F5CF22 /* Base */ = {isa = PBXFileReference; lastKnownFileType = file.storyboard; name = Base; path = Base.lproj/Main.storyboard; sourceTree = "<group>"; };
		19E5299A1A9370D200F5CF22 /* Images.xcassets */ = {isa = PBXFileReference; lastKnownFileType = folder.assetcatalog; path = Images.xcassets; sourceTree = "<group>"; };
		19E5299D1A9370D200F5CF22 /* Base */ = {isa = PBXFileReference; lastKnownFileType = file.xib; name = Base; path = Base.lproj/LaunchScreen.xib; sourceTree = "<group>"; };
		19E529A31A9370D200F5CF22 /* ScoreTheFightTests.xctest */ = {isa = PBXFileReference; explicitFileType = wrapper.cfbundle; includeInIndex = 0; path = ScoreTheFightTests.xctest; sourceTree = BUILT_PRODUCTS_DIR; };
		19E529A81A9370D200F5CF22 /* Info.plist */ = {isa = PBXFileReference; lastKnownFileType = text.plist.xml; path = Info.plist; sourceTree = "<group>"; };
		19E529A91A9370D200F5CF22 /* ScoreTheFightTests.swift */ = {isa = PBXFileReference; lastKnownFileType = sourcecode.swift; path = ScoreTheFightTests.swift; sourceTree = "<group>"; };
		19E529B31A93711500F5CF22 /* FightModel.swift */ = {isa = PBXFileReference; fileEncoding = 4; lastKnownFileType = sourcecode.swift; path = FightModel.swift; sourceTree = "<group>"; };
		19E529B51A93752300F5CF22 /* AddFightViewController.swift */ = {isa = PBXFileReference; fileEncoding = 4; lastKnownFileType = sourcecode.swift; path = AddFightViewController.swift; sourceTree = "<group>"; };
		19E529B71A937E3300F5CF22 /* NavigationController.swift */ = {isa = PBXFileReference; fileEncoding = 4; lastKnownFileType = sourcecode.swift; path = NavigationController.swift; sourceTree = "<group>"; };
		19F0BB211A940A6D00B7074E /* FightDetailViewController.swift */ = {isa = PBXFileReference; fileEncoding = 4; lastKnownFileType = sourcecode.swift; path = FightDetailViewController.swift; sourceTree = "<group>"; };
		19F0BB231A94151200B7074E /* EditFightViewController.swift */ = {isa = PBXFileReference; fileEncoding = 4; lastKnownFileType = sourcecode.swift; path = EditFightViewController.swift; sourceTree = "<group>"; };
/* End PBXFileReference section */

/* Begin PBXFrameworksBuildPhase section */
		19E529881A9370D200F5CF22 /* Frameworks */ = {
			isa = PBXFrameworksBuildPhase;
			buildActionMask = 2147483647;
			files = (
			);
			runOnlyForDeploymentPostprocessing = 0;
		};
		19E529A01A9370D200F5CF22 /* Frameworks */ = {
			isa = PBXFrameworksBuildPhase;
			buildActionMask = 2147483647;
			files = (
			);
			runOnlyForDeploymentPostprocessing = 0;
		};
/* End PBXFrameworksBuildPhase section */

/* Begin PBXGroup section */
		19E529821A9370D200F5CF22 = {
			isa = PBXGroup;
			children = (
				19E5298D1A9370D200F5CF22 /* ScoreTheFight */,
				19E529A61A9370D200F5CF22 /* ScoreTheFightTests */,
				19E5298C1A9370D200F5CF22 /* Products */,
			);
			sourceTree = "<group>";
		};
		19E5298C1A9370D200F5CF22 /* Products */ = {
			isa = PBXGroup;
			children = (
				19E5298B1A9370D200F5CF22 /* ScoreTheFight.app */,
				19E529A31A9370D200F5CF22 /* ScoreTheFightTests.xctest */,
			);
			name = Products;
			sourceTree = "<group>";
		};
		19E5298D1A9370D200F5CF22 /* ScoreTheFight */ = {
			isa = PBXGroup;
			children = (
				19E529901A9370D200F5CF22 /* AppDelegate.swift */,
				19C26CE91A93888A005D7FDF /* FightTableViewCell.swift */,
				19E529951A9370D200F5CF22 /* FightTableViewController.swift */,
				19E529B51A93752300F5CF22 /* AddFightViewController.swift */,
				19F0BB211A940A6D00B7074E /* FightDetailViewController.swift */,
				19E529971A9370D200F5CF22 /* Main.storyboard */,
				19F0BB231A94151200B7074E /* EditFightViewController.swift */,
				19E529B71A937E3300F5CF22 /* NavigationController.swift */,
				19E5299A1A9370D200F5CF22 /* Images.xcassets */,
				19E5299C1A9370D200F5CF22 /* LaunchScreen.xib */,
				19E529921A9370D200F5CF22 /* ScoreTheFight.xcdatamodeld */,
				19E529B31A93711500F5CF22 /* FightModel.swift */,
				19E5298E1A9370D200F5CF22 /* Supporting Files */,
			);
			path = ScoreTheFight;
			sourceTree = "<group>";
		};
		19E5298E1A9370D200F5CF22 /* Supporting Files */ = {
			isa = PBXGroup;
			children = (
				19E5298F1A9370D200F5CF22 /* Info.plist */,
			);
			name = "Supporting Files";
			sourceTree = "<group>";
		};
		19E529A61A9370D200F5CF22 /* ScoreTheFightTests */ = {
			isa = PBXGroup;
			children = (
				19E529A91A9370D200F5CF22 /* ScoreTheFightTests.swift */,
				19E529A71A9370D200F5CF22 /* Supporting Files */,
			);
			path = ScoreTheFightTests;
			sourceTree = "<group>";
		};
		19E529A71A9370D200F5CF22 /* Supporting Files */ = {
			isa = PBXGroup;
			children = (
				19E529A81A9370D200F5CF22 /* Info.plist */,
			);
			name = "Supporting Files";
			sourceTree = "<group>";
		};
/* End PBXGroup section */

/* Begin PBXNativeTarget section */
		19E5298A1A9370D200F5CF22 /* ScoreTheFight */ = {
			isa = PBXNativeTarget;
			buildConfigurationList = 19E529AD1A9370D200F5CF22 /* Build configuration list for PBXNativeTarget "ScoreTheFight" */;
			buildPhases = (
				19E529871A9370D200F5CF22 /* Sources */,
				19E529881A9370D200F5CF22 /* Frameworks */,
				19E529891A9370D200F5CF22 /* Resources */,
			);
			buildRules = (
			);
			dependencies = (
			);
			name = ScoreTheFight;
			productName = ScoreTheFight;
			productReference = 19E5298B1A9370D200F5CF22 /* ScoreTheFight.app */;
			productType = "com.apple.product-type.application";
		};
		19E529A21A9370D200F5CF22 /* ScoreTheFightTests */ = {
			isa = PBXNativeTarget;
			buildConfigurationList = 19E529B01A9370D200F5CF22 /* Build configuration list for PBXNativeTarget "ScoreTheFightTests" */;
			buildPhases = (
				19E5299F1A9370D200F5CF22 /* Sources */,
				19E529A01A9370D200F5CF22 /* Frameworks */,
				19E529A11A9370D200F5CF22 /* Resources */,
			);
			buildRules = (
			);
			dependencies = (
				19E529A51A9370D200F5CF22 /* PBXTargetDependency */,
			);
			name = ScoreTheFightTests;
			productName = ScoreTheFightTests;
			productReference = 19E529A31A9370D200F5CF22 /* ScoreTheFightTests.xctest */;
			productType = "com.apple.product-type.bundle.unit-test";
		};
/* End PBXNativeTarget section */

/* Begin PBXProject section */
		19E529831A9370D200F5CF22 /* Project object */ = {
			isa = PBXProject;
			attributes = {
				LastUpgradeCheck = 0630;
				ORGANIZATIONNAME = "Gareth Jones";
				TargetAttributes = {
					19E5298A1A9370D200F5CF22 = {
						CreatedOnToolsVersion = 6.3;
					};
					19E529A21A9370D200F5CF22 = {
						CreatedOnToolsVersion = 6.3;
						TestTargetID = 19E5298A1A9370D200F5CF22;
					};
				};
			};
			buildConfigurationList = 19E529861A9370D200F5CF22 /* Build configuration list for PBXProject "ScoreTheFight" */;
			compatibilityVersion = "Xcode 3.2";
			developmentRegion = English;
			hasScannedForEncodings = 0;
			knownRegions = (
				en,
				Base,
			);
			mainGroup = 19E529821A9370D200F5CF22;
			productRefGroup = 19E5298C1A9370D200F5CF22 /* Products */;
			projectDirPath = "";
			projectRoot = "";
			targets = (
				19E5298A1A9370D200F5CF22 /* ScoreTheFight */,
				19E529A21A9370D200F5CF22 /* ScoreTheFightTests */,
			);
		};
/* End PBXProject section */

/* Begin PBXResourcesBuildPhase section */
		19E529891A9370D200F5CF22 /* Resources */ = {
			isa = PBXResourcesBuildPhase;
			buildActionMask = 2147483647;
			files = (
				19E529991A9370D200F5CF22 /* Main.storyboard in Resources */,
				19E5299E1A9370D200F5CF22 /* LaunchScreen.xib in Resources */,
				19E5299B1A9370D200F5CF22 /* Images.xcassets in Resources */,
			);
			runOnlyForDeploymentPostprocessing = 0;
		};
		19E529A11A9370D200F5CF22 /* Resources */ = {
			isa = PBXResourcesBuildPhase;
			buildActionMask = 2147483647;
			files = (
			);
			runOnlyForDeploymentPostprocessing = 0;
		};
/* End PBXResourcesBuildPhase section */

/* Begin PBXSourcesBuildPhase section */
		19E529871A9370D200F5CF22 /* Sources */ = {
			isa = PBXSourcesBuildPhase;
			buildActionMask = 2147483647;
			files = (
				19C26CEA1A93888A005D7FDF /* FightTableViewCell.swift in Sources */,
				19E529961A9370D200F5CF22 /* FightTableViewController.swift in Sources */,
				19F0BB241A94151200B7074E /* EditFightViewController.swift in Sources */,
				19E529B81A937E3300F5CF22 /* NavigationController.swift in Sources */,
				19E529911A9370D200F5CF22 /* AppDelegate.swift in Sources */,
				19E529B41A93711500F5CF22 /* FightModel.swift in Sources */,
				19E529941A9370D200F5CF22 /* ScoreTheFight.xcdatamodeld in Sources */,
				19F0BB221A940A6D00B7074E /* FightDetailViewController.swift in Sources */,
				19E529B61A93752300F5CF22 /* AddFightViewController.swift in Sources */,
			);
			runOnlyForDeploymentPostprocessing = 0;
		};
		19E5299F1A9370D200F5CF22 /* Sources */ = {
			isa = PBXSourcesBuildPhase;
			buildActionMask = 2147483647;
			files = (
				19E529AA1A9370D200F5CF22 /* ScoreTheFightTests.swift in Sources */,
			);
			runOnlyForDeploymentPostprocessing = 0;
		};
/* End PBXSourcesBuildPhase section */

/* Begin PBXTargetDependency section */
		19E529A51A9370D200F5CF22 /* PBXTargetDependency */ = {
			isa = PBXTargetDependency;
			target = 19E5298A1A9370D200F5CF22 /* ScoreTheFight */;
			targetProxy = 19E529A41A9370D200F5CF22 /* PBXContainerItemProxy */;
		};
/* End PBXTargetDependency section */

/* Begin PBXVariantGroup section */
		19E529971A9370D200F5CF22 /* Main.storyboard */ = {
			isa = PBXVariantGroup;
			children = (
				19E529981A9370D200F5CF22 /* Base */,
			);
			name = Main.storyboard;
			sourceTree = "<group>";
		};
		19E5299C1A9370D200F5CF22 /* LaunchScreen.xib */ = {
			isa = PBXVariantGroup;
			children = (
				19E5299D1A9370D200F5CF22 /* Base */,
			);
			name = LaunchScreen.xib;
			sourceTree = "<group>";
		};
/* End PBXVariantGroup section */

/* Begin XCBuildConfiguration section */
		19E529AB1A9370D200F5CF22 /* Debug */ = {
			isa = XCBuildConfiguration;
			buildSettings = {
				ALWAYS_SEARCH_USER_PATHS = NO;
				CLANG_CXX_LANGUAGE_STANDARD = "gnu++0x";
				CLANG_CXX_LIBRARY = "libc++";
				CLANG_ENABLE_MODULES = YES;
				CLANG_ENABLE_OBJC_ARC = YES;
				CLANG_WARN_BOOL_CONVERSION = YES;
				CLANG_WARN_CONSTANT_CONVERSION = YES;
				CLANG_WARN_DIRECT_OBJC_ISA_USAGE = YES_ERROR;
				CLANG_WARN_EMPTY_BODY = YES;
				CLANG_WARN_ENUM_CONVERSION = YES;
				CLANG_WARN_INT_CONVERSION = YES;
				CLANG_WARN_OBJC_ROOT_CLASS = YES_ERROR;
				CLANG_WARN_UNREACHABLE_CODE = YES;
				CLANG_WARN__DUPLICATE_METHOD_MATCH = YES;
				"CODE_SIGN_IDENTITY[sdk=iphoneos*]" = "iPhone Developer";
				COPY_PHASE_STRIP = NO;
				DEBUG_INFORMATION_FORMAT = dwarf;
				ENABLE_STRICT_OBJC_MSGSEND = YES;
				GCC_C_LANGUAGE_STANDARD = gnu99;
				GCC_DYNAMIC_NO_PIC = NO;
				GCC_OPTIMIZATION_LEVEL = 0;
				GCC_PREPROCESSOR_DEFINITIONS = (
					"DEBUG=1",
					"$(inherited)",
				);
				GCC_SYMBOLS_PRIVATE_EXTERN = NO;
				GCC_WARN_64_TO_32_BIT_CONVERSION = YES;
				GCC_WARN_ABOUT_RETURN_TYPE = YES_ERROR;
				GCC_WARN_UNDECLARED_SELECTOR = YES;
				GCC_WARN_UNINITIALIZED_AUTOS = YES_AGGRESSIVE;
				GCC_WARN_UNUSED_FUNCTION = YES;
				GCC_WARN_UNUSED_VARIABLE = YES;
				IPHONEOS_DEPLOYMENT_TARGET = 8.3;
				MTL_ENABLE_DEBUG_INFO = YES;
				ONLY_ACTIVE_ARCH = YES;
				SDKROOT = iphoneos;
				SWIFT_OPTIMIZATION_LEVEL = "-Onone";
			};
			name = Debug;
		};
		19E529AC1A9370D200F5CF22 /* Release */ = {
			isa = XCBuildConfiguration;
			buildSettings = {
				ALWAYS_SEARCH_USER_PATHS = NO;
				CLANG_CXX_LANGUAGE_STANDARD = "gnu++0x";
				CLANG_CXX_LIBRARY = "libc++";
				CLANG_ENABLE_MODULES = YES;
				CLANG_ENABLE_OBJC_ARC = YES;
				CLANG_WARN_BOOL_CONVERSION = YES;
				CLANG_WARN_CONSTANT_CONVERSION = YES;
				CLANG_WARN_DIRECT_OBJC_ISA_USAGE = YES_ERROR;
				CLANG_WARN_EMPTY_BODY = YES;
				CLANG_WARN_ENUM_CONVERSION = YES;
				CLANG_WARN_INT_CONVERSION = YES;
				CLANG_WARN_OBJC_ROOT_CLASS = YES_ERROR;
				CLANG_WARN_UNREACHABLE_CODE = YES;
				CLANG_WARN__DUPLICATE_METHOD_MATCH = YES;
				"CODE_SIGN_IDENTITY[sdk=iphoneos*]" = "iPhone Developer";
				COPY_PHASE_STRIP = NO;
				DEBUG_INFORMATION_FORMAT = "dwarf-with-dsym";
				ENABLE_NS_ASSERTIONS = NO;
				ENABLE_STRICT_OBJC_MSGSEND = YES;
				GCC_C_LANGUAGE_STANDARD = gnu99;
				GCC_WARN_64_TO_32_BIT_CONVERSION = YES;
				GCC_WARN_ABOUT_RETURN_TYPE = YES_ERROR;
				GCC_WARN_UNDECLARED_SELECTOR = YES;
				GCC_WARN_UNINITIALIZED_AUTOS = YES_AGGRESSIVE;
				GCC_WARN_UNUSED_FUNCTION = YES;
				GCC_WARN_UNUSED_VARIABLE = YES;
				IPHONEOS_DEPLOYMENT_TARGET = 8.3;
				MTL_ENABLE_DEBUG_INFO = NO;
				SDKROOT = iphoneos;
				VALIDATE_PRODUCT = YES;
			};
			name = Release;
		};
		19E529AE1A9370D200F5CF22 /* Debug */ = {
			isa = XCBuildConfiguration;
			buildSettings = {
				ASSETCATALOG_COMPILER_APPICON_NAME = AppIcon;
				INFOPLIST_FILE = ScoreTheFight/Info.plist;
				IPHONEOS_DEPLOYMENT_TARGET = 8.1;
				LD_RUNPATH_SEARCH_PATHS = "$(inherited) @executable_path/Frameworks";
				PRODUCT_NAME = "$(TARGET_NAME)";
			};
			name = Debug;
		};
		19E529AF1A9370D200F5CF22 /* Release */ = {
			isa = XCBuildConfiguration;
			buildSettings = {
				ASSETCATALOG_COMPILER_APPICON_NAME = AppIcon;
				INFOPLIST_FILE = ScoreTheFight/Info.plist;
				IPHONEOS_DEPLOYMENT_TARGET = 8.1;
				LD_RUNPATH_SEARCH_PATHS = "$(inherited) @executable_path/Frameworks";
				PRODUCT_NAME = "$(TARGET_NAME)";
			};
			name = Release;
		};
		19E529B11A9370D200F5CF22 /* Debug */ = {
			isa = XCBuildConfiguration;
			buildSettings = {
				BUNDLE_LOADER = "$(TEST_HOST)";
				FRAMEWORK_SEARCH_PATHS = (
					"$(SDKROOT)/Developer/Library/Frameworks",
					"$(inherited)",
				);
				GCC_PREPROCESSOR_DEFINITIONS = (
					"DEBUG=1",
					"$(inherited)",
				);
				INFOPLIST_FILE = ScoreTheFightTests/Info.plist;
				LD_RUNPATH_SEARCH_PATHS = "$(inherited) @executable_path/Frameworks @loader_path/Frameworks";
				PRODUCT_NAME = "$(TARGET_NAME)";
				TEST_HOST = "$(BUILT_PRODUCTS_DIR)/ScoreTheFight.app/ScoreTheFight";
			};
			name = Debug;
		};
		19E529B21A9370D200F5CF22 /* Release */ = {
			isa = XCBuildConfiguration;
			buildSettings = {
				BUNDLE_LOADER = "$(TEST_HOST)";
				FRAMEWORK_SEARCH_PATHS = (
					"$(SDKROOT)/Developer/Library/Frameworks",
					"$(inherited)",
				);
				INFOPLIST_FILE = ScoreTheFightTests/Info.plist;
				LD_RUNPATH_SEARCH_PATHS = "$(inherited) @executable_path/Frameworks @loader_path/Frameworks";
				PRODUCT_NAME = "$(TARGET_NAME)";
				TEST_HOST = "$(BUILT_PRODUCTS_DIR)/ScoreTheFight.app/ScoreTheFight";
			};
			name = Release;
		};
/* End XCBuildConfiguration section */

/* Begin XCConfigurationList section */
		19E529861A9370D200F5CF22 /* Build configuration list for PBXProject "ScoreTheFight" */ = {
			isa = XCConfigurationList;
			buildConfigurations = (
				19E529AB1A9370D200F5CF22 /* Debug */,
				19E529AC1A9370D200F5CF22 /* Release */,
			);
			defaultConfigurationIsVisible = 0;
			defaultConfigurationName = Release;
		};
		19E529AD1A9370D200F5CF22 /* Build configuration list for PBXNativeTarget "ScoreTheFight" */ = {
			isa = XCConfigurationList;
			buildConfigurations = (
				19E529AE1A9370D200F5CF22 /* Debug */,
				19E529AF1A9370D200F5CF22 /* Release */,
			);
			defaultConfigurationIsVisible = 0;
			defaultConfigurationName = Release;
		};
		19E529B01A9370D200F5CF22 /* Build configuration list for PBXNativeTarget "ScoreTheFightTests" */ = {
			isa = XCConfigurationList;
			buildConfigurations = (
				19E529B11A9370D200F5CF22 /* Debug */,
				19E529B21A9370D200F5CF22 /* Release */,
			);
			defaultConfigurationIsVisible = 0;
			defaultConfigurationName = Release;
		};
/* End XCConfigurationList section */

/* Begin XCVersionGroup section */
		19E529921A9370D200F5CF22 /* ScoreTheFight.xcdatamodeld */ = {
			isa = XCVersionGroup;
			children = (
				19E529931A9370D200F5CF22 /* ScoreTheFight.xcdatamodel */,
			);
			currentVersion = 19E529931A9370D200F5CF22 /* ScoreTheFight.xcdatamodel */;
			path = ScoreTheFight.xcdatamodeld;
			sourceTree = "<group>";
			versionGroupType = wrapper.xcdatamodel;
		};
/* End XCVersionGroup section */
	};
	rootObject = 19E529831A9370D200F5CF22 /* Project object */;
}
